Microsoft Visual Studio Solution File, Format Version 12.00
# Visual Studio 2012
Project("{FAE04EC0-301F-11D3-BF4B-00C04F79EFBC}") = "TCG-Battle", "TCG-Battle.csproj", "{33F14F6E-41F9-4EFF-955D-B4C83644CA8D}"
EndProject
Global
	GlobalSection(SolutionConfigurationPlatforms) = preSolution
	Debug|Any CPU = Debug|Any CPU
	ExportDebug|Any CPU = ExportDebug|Any CPU
	ExportRelease|Any CPU = ExportRelease|Any CPU
	EndGlobalSection
	GlobalSection(ProjectConfigurationPlatforms) = postSolution
		{33F14F6E-41F9-4EFF-955D-B4C83644CA8D}.Debug|Any CPU.ActiveCfg = Debug|Any CPU
		{33F14F6E-41F9-4EFF-955D-B4C83644CA8D}.Debug|Any CPU.Build.0 = Debug|Any CPU
		{33F14F6E-41F9-4EFF-955D-B4C83644CA8D}.ExportDebug|Any CPU.ActiveCfg = ExportDebug|Any CPU
		{33F14F6E-41F9-4EFF-955D-B4C83644CA8D}.ExportDebug|Any CPU.Build.0 = ExportDebug|Any CPU
		{33F14F6E-41F9-4EFF-955D-B4C83644CA8D}.ExportRelease|Any CPU.ActiveCfg = ExportRelease|Any CPU
		{33F14F6E-41F9-4EFF-955D-B4C83644CA8D}.ExportRelease|Any CPU.Build.0 = ExportRelease|Any CPU
	EndGlobalSection
EndGlobal
